
Microsoft Visual Studio Solution File, Format Version 12.00
# Visual Studio Version 17
VisualStudioVersion = 17.2.32616.157
MinimumVisualStudioVersion = 10.0.40219.1
Project("{FAE04EC0-301F-11D3-BF4B-00C04F79EFBC}") = "TratamentoErros", "TratamentoErros\TratamentoErros.csproj", "{BB201E68-F48B-4335-8773-5EA8FE8133DA}"
EndProject
Global
	GlobalSection(SolutionConfigurationPlatforms) = preSolution
		Debug|Any CPU = Debug|Any CPU
		Release|Any CPU = Release|Any CPU
	EndGlobalSection
	GlobalSection(ProjectConfigurationPlatforms) = postSolution
		{BB201E68-F48B-4335-8773-5EA8FE8133DA}.Debug|Any CPU.ActiveCfg = Debug|Any CPU
		{BB201E68-F48B-4335-8773-5EA8FE8133DA}.Debug|Any CPU.Build.0 = Debug|Any CPU
		{BB201E68-F48B-4335-8773-5EA8FE8133DA}.Release|Any CPU.ActiveCfg = Release|Any CPU
		{BB201E68-F48B-4335-8773-5EA8FE8133DA}.Release|Any CPU.Build.0 = Release|Any CPU
	EndGlobalSection
	GlobalSection(SolutionProperties) = preSolution
		HideSolutionNode = FALSE
	EndGlobalSection
	GlobalSection(ExtensibilityGlobals) = postSolution
		SolutionGuid = {133B4700-986C-46BC-972E-8285EDE313AE}
	EndGlobalSection
EndGlobal
